<?xml version="1.0" encoding="utf-8"?>
<Project ToolsVersion="4.0" xmlns="http://schemas.microsoft.com/developer/msbuild/2003">
  <ItemGroup>
    <Filter Include="소스 파일">
      <UniqueIdentifier>{4FC737F1-C7A5-4376-A066-2A32D752A2FF}</UniqueIdentifier>
      <Extensions>cpp;c;cc;cxx;c++;cppm;ixx;def;odl;idl;hpj;bat;asm;asmx</Extensions>
    </Filter>
    <Filter Include="헤더 파일">
      <UniqueIdentifier>{93995380-89BD-4b04-88EB-625FBE52EBFB}</UniqueIdentifier>
      <Extensions>h;hh;hpp;hxx;h++;hm;inl;inc;ipp;xsd</Extensions>
    </Filter>
    <Filter Include="리소스 파일">
      <UniqueIdentifier>{67DA6AB6-F800-4c08-8B7A-83BB121AAD01}</UniqueIdentifier>
      <Extensions>rc;ico;cur;bmp;dlg;rc2;rct;bin;rgs;gif;jpg;jpeg;jpe;resx;tiff;tif;png;wav;mfcribbon-ms</Extensions>
    </Filter>
  </ItemGroup>
  <ItemGroup>
    <ClCompile Include="menu.cpp">
      <Filter>소스 파일</Filter>
    </ClCompile>
    <ClCompile Include="FileReadAndWrite.cpp">
      <Filter>소스 파일</Filter>
    </ClCompile>
    <ClCompile Include="CheckRightValue.cpp">
      <Filter>소스 파일</Filter>
    </ClCompile>
    <ClCompile Include="ScreenClear.cpp">
      <Filter>소스 파일</Filter>
    </ClCompile>
    <ClCompile Include="LogIn.cpp">
      <Filter>소스 파일</Filter>
    </ClCompile>
    <ClCompile Include="CheckInList.cpp">
      <Filter>소스 파일</Filter>
    </ClCompile>
    <ClCompile Include="JoinMember.cpp">
      <Filter>소스 파일</Filter>
    </ClCompile>
    <ClCompile Include="GetDate.cpp">
      <Filter>소스 파일</Filter>
    </ClCompile>
    <ClCompile Include="ManagerMember.cpp">
      <Filter>소스 파일</Filter>
    </ClCompile>
    <ClCompile Include="ManagerVideo.cpp">
      <Filter>소스 파일</Filter>
    </ClCompile>
    <ClCompile Include="PrintMember.cpp">
      <Filter>소스 파일</Filter>
    </ClCompile>
    <ClCompile Include="JoinVideo.cpp">
      <Filter>소스 파일</Filter>
    </ClCompile>
    <ClCompile Include="PrintVideo.cpp">
      <Filter>소스 파일</Filter>
    </ClCompile>
    <ClCompile Include="InsertCoin.cpp">
      <Filter>소스 파일</Filter>
    </ClCompile>
    <ClCompile Include="ReturnVideo.cpp">
      <Filter>소스 파일</Filter>
    </ClCompile>
    <ClCompile Include="SortStruct.cpp">
      <Filter>소스 파일</Filter>
    </ClCompile>
    <ClCompile Include="ManagerSubFunction.cpp">
      <Filter>소스 파일</Filter>
    </ClCompile>
  </ItemGroup>
  <ItemGroup>
    <ClInclude Include="menu.h">
      <Filter>헤더 파일</Filter>
    </ClInclude>
    <ClInclude Include="FileReadAndWrite.h">
      <Filter>헤더 파일</Filter>
    </ClInclude>
    <ClInclude Include="CheckRightValue.h">
      <Filter>헤더 파일</Filter>
    </ClInclude>
    <ClInclude Include="ScreenClear.h">
      <Filter>헤더 파일</Filter>
    </ClInclude>
    <ClInclude Include="LogIn.h">
      <Filter>헤더 파일</Filter>
    </ClInclude>
    <ClInclude Include="CheckInList.h">
      <Filter>헤더 파일</Filter>
    </ClInclude>
    <ClInclude Include="JoinMember.h">
      <Filter>헤더 파일</Filter>
    </ClInclude>
    <ClInclude Include="GetDate.h">
      <Filter>헤더 파일</Filter>
    </ClInclude>
    <ClInclude Include="ManagerMember.h">
      <Filter>헤더 파일</Filter>
    </ClInclude>
    <ClInclude Include="ManagerVideo.h">
      <Filter>헤더 파일</Filter>
    </ClInclude>
    <ClInclude Include="PrintMember.h">
      <Filter>헤더 파일</Filter>
    </ClInclude>
    <ClInclude Include="JoinVideo.h">
      <Filter>헤더 파일</Filter>
    </ClInclude>
    <ClInclude Include="PrintVideo.h">
      <Filter>헤더 파일</Filter>
    </ClInclude>
    <ClInclude Include="InsertCoin.h">
      <Filter>헤더 파일</Filter>
    </ClInclude>
    <ClInclude Include="ReturnVideo.h">
      <Filter>헤더 파일</Filter>
    </ClInclude>
    <ClInclude Include="SortStruct.h">
      <Filter>헤더 파일</Filter>
    </ClInclude>
    <ClInclude Include="ManagerSubFunction.h">
      <Filter>헤더 파일</Filter>
    </ClInclude>
  </ItemGroup>
</Project>